
Microsoft Visual Studio Solution File, Format Version 12.00
# Visual Studio 15
VisualStudioVersion = 15.0.26730.12
MinimumVisualStudioVersion = 10.0.40219.1
Project("{8BC9CEB8-8B4A-11D0-8D11-00A0C91BC942}") = "Graphics", "Graphics\Graphics.vcxproj", "{98A5895B-DA4E-43AD-8AD4-BC0916460BE1}"
	ProjectSection(ProjectDependencies) = postProject
		{259CB2CB-6EEF-4825-893E-2BEE9413B7CD} = {259CB2CB-6EEF-4825-893E-2BEE9413B7CD}
	EndProjectSection
EndProject
Project("{8BC9CEB8-8B4A-11D0-8D11-00A0C91BC942}") = "Audio", "Audio\Audio.vcxproj", "{9E4CC31E-D283-4D5C-9F2C-2A337C47CDA3}"
	ProjectSection(ProjectDependencies) = postProject
		{259CB2CB-6EEF-4825-893E-2BEE9413B7CD} = {259CB2CB-6EEF-4825-893E-2BEE9413B7CD}
	EndProjectSection
EndProject
Project("{8BC9CEB8-8B4A-11D0-8D11-00A0C91BC942}") = "Gameplay", "Gameplay\Gameplay.vcxproj", "{75AFB93F-73C6-4E26-A127-2A3536DFE3BE}"
EndProject
Project("{8BC9CEB8-8B4A-11D0-8D11-00A0C91BC942}") = "ResourceHandler", "ResourceHandler\ResourceHandler.vcxproj", "{8B8CF55D-04F3-4DEC-BC78-D0134DB8CD02}"
EndProject
Project("{8BC9CEB8-8B4A-11D0-8D11-00A0C91BC942}") = "Utilz", "Utilz\Utilz.vcxproj", "{259CB2CB-6EEF-4825-893E-2BEE9413B7CD}"
EndProject
Project("{8BC9CEB8-8B4A-11D0-8D11-00A0C91BC942}") = "Core", "Core\Core.vcxproj", "{C4A1A015-422E-4F10-9300-26905EAC3EC3}"
	ProjectSection(ProjectDependencies) = postProject
		{F6077506-5FBB-4904-A1A7-A590435B61A0} = {F6077506-5FBB-4904-A1A7-A590435B61A0}
		{9E4CC31E-D283-4D5C-9F2C-2A337C47CDA3} = {9E4CC31E-D283-4D5C-9F2C-2A337C47CDA3}
		{75AFB93F-73C6-4E26-A127-2A3536DFE3BE} = {75AFB93F-73C6-4E26-A127-2A3536DFE3BE}
		{98A5895B-DA4E-43AD-8AD4-BC0916460BE1} = {98A5895B-DA4E-43AD-8AD4-BC0916460BE1}
		{8B8CF55D-04F3-4DEC-BC78-D0134DB8CD02} = {8B8CF55D-04F3-4DEC-BC78-D0134DB8CD02}
		{259CB2CB-6EEF-4825-893E-2BEE9413B7CD} = {259CB2CB-6EEF-4825-893E-2BEE9413B7CD}
	EndProjectSection
EndProject
Project("{8BC9CEB8-8B4A-11D0-8D11-00A0C91BC942}") = "Window", "Window\Window.vcxproj", "{F6077506-5FBB-4904-A1A7-A590435B61A0}"
EndProject
Project("{8BC9CEB8-8B4A-11D0-8D11-00A0C91BC942}") = "Test", "Test\Test.vcxproj", "{6532BB0E-34A8-4940-B718-89EA03D2DE5C}"
	ProjectSection(ProjectDependencies) = postProject
		{F6077506-5FBB-4904-A1A7-A590435B61A0} = {F6077506-5FBB-4904-A1A7-A590435B61A0}
		{C4A1A015-422E-4F10-9300-26905EAC3EC3} = {C4A1A015-422E-4F10-9300-26905EAC3EC3}
		{9E4CC31E-D283-4D5C-9F2C-2A337C47CDA3} = {9E4CC31E-D283-4D5C-9F2C-2A337C47CDA3}
		{75AFB93F-73C6-4E26-A127-2A3536DFE3BE} = {75AFB93F-73C6-4E26-A127-2A3536DFE3BE}
		{956A354F-6B9E-4142-9522-3D19F1C02FD5} = {956A354F-6B9E-4142-9522-3D19F1C02FD5}
		{98A5895B-DA4E-43AD-8AD4-BC0916460BE1} = {98A5895B-DA4E-43AD-8AD4-BC0916460BE1}
		{8B8CF55D-04F3-4DEC-BC78-D0134DB8CD02} = {8B8CF55D-04F3-4DEC-BC78-D0134DB8CD02}
		{259CB2CB-6EEF-4825-893E-2BEE9413B7CD} = {259CB2CB-6EEF-4825-893E-2BEE9413B7CD}
	EndProjectSection
EndProject
Project("{8BC9CEB8-8B4A-11D0-8D11-00A0C91BC942}") = "FileParser", "FileParser\FileParser.vcxproj", "{956A354F-6B9E-4142-9522-3D19F1C02FD5}"
	ProjectSection(ProjectDependencies) = postProject
		{66E6EB03-00C6-4FEC-B7E8-46E242AD2AC3} = {66E6EB03-00C6-4FEC-B7E8-46E242AD2AC3}
	EndProjectSection
EndProject
Project("{8BC9CEB8-8B4A-11D0-8D11-00A0C91BC942}") = "FBX_Converter", "FBX_Converter\FBX_Converter.vcxproj", "{66E6EB03-00C6-4FEC-B7E8-46E242AD2AC3}"
EndProject
Project("{FAE04EC0-301F-11D3-BF4B-00C04F79EFBC}") = "SkillCreator", "..\..\..\..\source\repos\SkillFileCreator\SkillCreator\SkillCreator.csproj", "{7575C198-7048-4547-B208-F13C32E16FB6}"
EndProject
Global
	GlobalSection(SolutionConfigurationPlatforms) = preSolution
		Debug|Any CPU = Debug|Any CPU
		Debug|x64 = Debug|x64
		Debug|x86 = Debug|x86
		Release|Any CPU = Release|Any CPU
		Release|x64 = Release|x64
		Release|x86 = Release|x86
	EndGlobalSection
	GlobalSection(ProjectConfigurationPlatforms) = postSolution
		{98A5895B-DA4E-43AD-8AD4-BC0916460BE1}.Debug|Any CPU.ActiveCfg = Debug|Win32
		{98A5895B-DA4E-43AD-8AD4-BC0916460BE1}.Debug|x64.ActiveCfg = Debug|x64
		{98A5895B-DA4E-43AD-8AD4-BC0916460BE1}.Debug|x64.Build.0 = Debug|x64
		{98A5895B-DA4E-43AD-8AD4-BC0916460BE1}.Debug|x86.ActiveCfg = Debug|Win32
		{98A5895B-DA4E-43AD-8AD4-BC0916460BE1}.Debug|x86.Build.0 = Debug|Win32
		{98A5895B-DA4E-43AD-8AD4-BC0916460BE1}.Release|Any CPU.ActiveCfg = Release|Win32
		{98A5895B-DA4E-43AD-8AD4-BC0916460BE1}.Release|x64.ActiveCfg = Release|x64
		{98A5895B-DA4E-43AD-8AD4-BC0916460BE1}.Release|x64.Build.0 = Release|x64
		{98A5895B-DA4E-43AD-8AD4-BC0916460BE1}.Release|x86.ActiveCfg = Release|Win32
		{98A5895B-DA4E-43AD-8AD4-BC0916460BE1}.Release|x86.Build.0 = Release|Win32
		{9E4CC31E-D283-4D5C-9F2C-2A337C47CDA3}.Debug|Any CPU.ActiveCfg = Debug|Win32
		{9E4CC31E-D283-4D5C-9F2C-2A337C47CDA3}.Debug|x64.ActiveCfg = Debug|x64
		{9E4CC31E-D283-4D5C-9F2C-2A337C47CDA3}.Debug|x64.Build.0 = Debug|x64
		{9E4CC31E-D283-4D5C-9F2C-2A337C47CDA3}.Debug|x86.ActiveCfg = Debug|Win32
		{9E4CC31E-D283-4D5C-9F2C-2A337C47CDA3}.Debug|x86.Build.0 = Debug|Win32
		{9E4CC31E-D283-4D5C-9F2C-2A337C47CDA3}.Release|Any CPU.ActiveCfg = Release|Win32
		{9E4CC31E-D283-4D5C-9F2C-2A337C47CDA3}.Release|x64.ActiveCfg = Release|x64
		{9E4CC31E-D283-4D5C-9F2C-2A337C47CDA3}.Release|x64.Build.0 = Release|x64
		{9E4CC31E-D283-4D5C-9F2C-2A337C47CDA3}.Release|x86.ActiveCfg = Release|Win32
		{9E4CC31E-D283-4D5C-9F2C-2A337C47CDA3}.Release|x86.Build.0 = Release|Win32
		{75AFB93F-73C6-4E26-A127-2A3536DFE3BE}.Debug|Any CPU.ActiveCfg = Debug|Win32
		{75AFB93F-73C6-4E26-A127-2A3536DFE3BE}.Debug|x64.ActiveCfg = Debug|x64
		{75AFB93F-73C6-4E26-A127-2A3536DFE3BE}.Debug|x64.Build.0 = Debug|x64
		{75AFB93F-73C6-4E26-A127-2A3536DFE3BE}.Debug|x86.ActiveCfg = Debug|Win32
		{75AFB93F-73C6-4E26-A127-2A3536DFE3BE}.Debug|x86.Build.0 = Debug|Win32
		{75AFB93F-73C6-4E26-A127-2A3536DFE3BE}.Release|Any CPU.ActiveCfg = Release|Win32
		{75AFB93F-73C6-4E26-A127-2A3536DFE3BE}.Release|x64.ActiveCfg = Release|x64
		{75AFB93F-73C6-4E26-A127-2A3536DFE3BE}.Release|x64.Build.0 = Release|x64
		{75AFB93F-73C6-4E26-A127-2A3536DFE3BE}.Release|x86.ActiveCfg = Release|Win32
		{75AFB93F-73C6-4E26-A127-2A3536DFE3BE}.Release|x86.Build.0 = Release|Win32
		{8B8CF55D-04F3-4DEC-BC78-D0134DB8CD02}.Debug|Any CPU.ActiveCfg = Debug|Win32
		{8B8CF55D-04F3-4DEC-BC78-D0134DB8CD02}.Debug|x64.ActiveCfg = Debug|x64
		{8B8CF55D-04F3-4DEC-BC78-D0134DB8CD02}.Debug|x64.Build.0 = Debug|x64
		{8B8CF55D-04F3-4DEC-BC78-D0134DB8CD02}.Debug|x86.ActiveCfg = Debug|Win32
		{8B8CF55D-04F3-4DEC-BC78-D0134DB8CD02}.Debug|x86.Build.0 = Debug|Win32
		{8B8CF55D-04F3-4DEC-BC78-D0134DB8CD02}.Release|Any CPU.ActiveCfg = Release|Win32
		{8B8CF55D-04F3-4DEC-BC78-D0134DB8CD02}.Release|x64.ActiveCfg = Release|x64
		{8B8CF55D-04F3-4DEC-BC78-D0134DB8CD02}.Release|x64.Build.0 = Release|x64
		{8B8CF55D-04F3-4DEC-BC78-D0134DB8CD02}.Release|x86.ActiveCfg = Release|Win32
		{8B8CF55D-04F3-4DEC-BC78-D0134DB8CD02}.Release|x86.Build.0 = Release|Win32
		{259CB2CB-6EEF-4825-893E-2BEE9413B7CD}.Debug|Any CPU.ActiveCfg = Debug|Win32
		{259CB2CB-6EEF-4825-893E-2BEE9413B7CD}.Debug|x64.ActiveCfg = Debug|x64
		{259CB2CB-6EEF-4825-893E-2BEE9413B7CD}.Debug|x64.Build.0 = Debug|x64
		{259CB2CB-6EEF-4825-893E-2BEE9413B7CD}.Debug|x86.ActiveCfg = Debug|Win32
		{259CB2CB-6EEF-4825-893E-2BEE9413B7CD}.Debug|x86.Build.0 = Debug|Win32
		{259CB2CB-6EEF-4825-893E-2BEE9413B7CD}.Release|Any CPU.ActiveCfg = Release|Win32
		{259CB2CB-6EEF-4825-893E-2BEE9413B7CD}.Release|x64.ActiveCfg = Release|x64
		{259CB2CB-6EEF-4825-893E-2BEE9413B7CD}.Release|x64.Build.0 = Release|x64
		{259CB2CB-6EEF-4825-893E-2BEE9413B7CD}.Release|x86.ActiveCfg = Release|Win32
		{259CB2CB-6EEF-4825-893E-2BEE9413B7CD}.Release|x86.Build.0 = Release|Win32
		{C4A1A015-422E-4F10-9300-26905EAC3EC3}.Debug|Any CPU.ActiveCfg = Debug|Win32
		{C4A1A015-422E-4F10-9300-26905EAC3EC3}.Debug|x64.ActiveCfg = Debug|x64
		{C4A1A015-422E-4F10-9300-26905EAC3EC3}.Debug|x64.Build.0 = Debug|x64
		{C4A1A015-422E-4F10-9300-26905EAC3EC3}.Debug|x86.ActiveCfg = Debug|Win32
		{C4A1A015-422E-4F10-9300-26905EAC3EC3}.Debug|x86.Build.0 = Debug|Win32
		{C4A1A015-422E-4F10-9300-26905EAC3EC3}.Release|Any CPU.ActiveCfg = Release|Win32
		{C4A1A015-422E-4F10-9300-26905EAC3EC3}.Release|x64.ActiveCfg = Release|x64
		{C4A1A015-422E-4F10-9300-26905EAC3EC3}.Release|x64.Build.0 = Release|x64
		{C4A1A015-422E-4F10-9300-26905EAC3EC3}.Release|x86.ActiveCfg = Release|Win32
		{C4A1A015-422E-4F10-9300-26905EAC3EC3}.Release|x86.Build.0 = Release|Win32
		{F6077506-5FBB-4904-A1A7-A590435B61A0}.Debug|Any CPU.ActiveCfg = Debug|Win32
		{F6077506-5FBB-4904-A1A7-A590435B61A0}.Debug|x64.ActiveCfg = Debug|x64
		{F6077506-5FBB-4904-A1A7-A590435B61A0}.Debug|x64.Build.0 = Debug|x64
		{F6077506-5FBB-4904-A1A7-A590435B61A0}.Debug|x86.ActiveCfg = Debug|Win32
		{F6077506-5FBB-4904-A1A7-A590435B61A0}.Debug|x86.Build.0 = Debug|Win32
		{F6077506-5FBB-4904-A1A7-A590435B61A0}.Release|Any CPU.ActiveCfg = Release|Win32
		{F6077506-5FBB-4904-A1A7-A590435B61A0}.Release|x64.ActiveCfg = Release|x64
		{F6077506-5FBB-4904-A1A7-A590435B61A0}.Release|x64.Build.0 = Release|x64
		{F6077506-5FBB-4904-A1A7-A590435B61A0}.Release|x86.ActiveCfg = Release|Win32
		{F6077506-5FBB-4904-A1A7-A590435B61A0}.Release|x86.Build.0 = Release|Win32
		{6532BB0E-34A8-4940-B718-89EA03D2DE5C}.Debug|Any CPU.ActiveCfg = Debug|Win32
		{6532BB0E-34A8-4940-B718-89EA03D2DE5C}.Debug|x64.ActiveCfg = Debug|x64
		{6532BB0E-34A8-4940-B718-89EA03D2DE5C}.Debug|x64.Build.0 = Debug|x64
		{6532BB0E-34A8-4940-B718-89EA03D2DE5C}.Debug|x86.ActiveCfg = Debug|Win32
		{6532BB0E-34A8-4940-B718-89EA03D2DE5C}.Debug|x86.Build.0 = Debug|Win32
		{6532BB0E-34A8-4940-B718-89EA03D2DE5C}.Release|Any CPU.ActiveCfg = Release|Win32
		{6532BB0E-34A8-4940-B718-89EA03D2DE5C}.Release|x64.ActiveCfg = Release|x64
		{6532BB0E-34A8-4940-B718-89EA03D2DE5C}.Release|x64.Build.0 = Release|x64
		{6532BB0E-34A8-4940-B718-89EA03D2DE5C}.Release|x86.ActiveCfg = Release|Win32
		{6532BB0E-34A8-4940-B718-89EA03D2DE5C}.Release|x86.Build.0 = Release|Win32
		{956A354F-6B9E-4142-9522-3D19F1C02FD5}.Debug|Any CPU.ActiveCfg = Debug|Win32
		{956A354F-6B9E-4142-9522-3D19F1C02FD5}.Debug|x64.ActiveCfg = Debug|x64
		{956A354F-6B9E-4142-9522-3D19F1C02FD5}.Debug|x64.Build.0 = Debug|x64
		{956A354F-6B9E-4142-9522-3D19F1C02FD5}.Debug|x86.ActiveCfg = Debug|Win32
		{956A354F-6B9E-4142-9522-3D19F1C02FD5}.Debug|x86.Build.0 = Debug|Win32
		{956A354F-6B9E-4142-9522-3D19F1C02FD5}.Release|Any CPU.ActiveCfg = Release|Win32
		{956A354F-6B9E-4142-9522-3D19F1C02FD5}.Release|x64.ActiveCfg = Release|x64
		{956A354F-6B9E-4142-9522-3D19F1C02FD5}.Release|x64.Build.0 = Release|x64
		{956A354F-6B9E-4142-9522-3D19F1C02FD5}.Release|x86.ActiveCfg = Release|Win32
		{956A354F-6B9E-4142-9522-3D19F1C02FD5}.Release|x86.Build.0 = Release|Win32
		{66E6EB03-00C6-4FEC-B7E8-46E242AD2AC3}.Debug|Any CPU.ActiveCfg = Debug|Win32
		{66E6EB03-00C6-4FEC-B7E8-46E242AD2AC3}.Debug|x64.ActiveCfg = Debug|x64
		{66E6EB03-00C6-4FEC-B7E8-46E242AD2AC3}.Debug|x64.Build.0 = Debug|x64
		{66E6EB03-00C6-4FEC-B7E8-46E242AD2AC3}.Debug|x86.ActiveCfg = Debug|Win32
		{66E6EB03-00C6-4FEC-B7E8-46E242AD2AC3}.Debug|x86.Build.0 = Debug|Win32
		{66E6EB03-00C6-4FEC-B7E8-46E242AD2AC3}.Release|Any CPU.ActiveCfg = Release|Win32
		{66E6EB03-00C6-4FEC-B7E8-46E242AD2AC3}.Release|x64.ActiveCfg = Release|x64
		{66E6EB03-00C6-4FEC-B7E8-46E242AD2AC3}.Release|x64.Build.0 = Release|x64
		{66E6EB03-00C6-4FEC-B7E8-46E242AD2AC3}.Release|x86.ActiveCfg = Release|Win32
		{66E6EB03-00C6-4FEC-B7E8-46E242AD2AC3}.Release|x86.Build.0 = Release|Win32
		{7575C198-7048-4547-B208-F13C32E16FB6}.Debug|Any CPU.ActiveCfg = Debug|Any CPU
		{7575C198-7048-4547-B208-F13C32E16FB6}.Debug|Any CPU.Build.0 = Debug|Any CPU
		{7575C198-7048-4547-B208-F13C32E16FB6}.Debug|x64.ActiveCfg = Debug|Any CPU
		{7575C198-7048-4547-B208-F13C32E16FB6}.Debug|x64.Build.0 = Debug|Any CPU
		{7575C198-7048-4547-B208-F13C32E16FB6}.Debug|x86.ActiveCfg = Debug|Any CPU
		{7575C198-7048-4547-B208-F13C32E16FB6}.Debug|x86.Build.0 = Debug|Any CPU
		{7575C198-7048-4547-B208-F13C32E16FB6}.Release|Any CPU.ActiveCfg = Release|Any CPU
		{7575C198-7048-4547-B208-F13C32E16FB6}.Release|Any CPU.Build.0 = Release|Any CPU
		{7575C198-7048-4547-B208-F13C32E16FB6}.Release|x64.ActiveCfg = Release|Any CPU
		{7575C198-7048-4547-B208-F13C32E16FB6}.Release|x64.Build.0 = Release|Any CPU
		{7575C198-7048-4547-B208-F13C32E16FB6}.Release|x86.ActiveCfg = Release|Any CPU
		{7575C198-7048-4547-B208-F13C32E16FB6}.Release|x86.Build.0 = Release|Any CPU
	EndGlobalSection
	GlobalSection(SolutionProperties) = preSolution
		HideSolutionNode = FALSE
	EndGlobalSection
	GlobalSection(ExtensibilityGlobals) = postSolution
		SolutionGuid = {BA9BAA6B-CF23-49E9-B6C7-36068D32BCA1}
	EndGlobalSection
EndGlobal
