
Microsoft Visual Studio Solution File, Format Version 12.00
# Visual Studio 15
VisualStudioVersion = 15.0.26730.12
MinimumVisualStudioVersion = 10.0.40219.1
Project("{8BC9CEB8-8B4A-11D0-8D11-00A0C91BC942}") = "Graphics", "Graphics\Graphics.vcxproj", "{98A5895B-DA4E-43AD-8AD4-BC0916460BE1}"
EndProject
Project("{8BC9CEB8-8B4A-11D0-8D11-00A0C91BC942}") = "Audio", "Audio\Audio.vcxproj", "{9E4CC31E-D283-4D5C-9F2C-2A337C47CDA3}"
EndProject
Project("{8BC9CEB8-8B4A-11D0-8D11-00A0C91BC942}") = "Input", "Input\Input.vcxproj", "{D1C80362-A5D2-419B-9779-5B98716BC10B}"
EndProject
Project("{8BC9CEB8-8B4A-11D0-8D11-00A0C91BC942}") = "Gameplay", "Gameplay\Gameplay.vcxproj", "{75AFB93F-73C6-4E26-A127-2A3536DFE3BE}"
EndProject
Project("{8BC9CEB8-8B4A-11D0-8D11-00A0C91BC942}") = "ResourceHandler", "ResourceHandler\ResourceHandler.vcxproj", "{8B8CF55D-04F3-4DEC-BC78-D0134DB8CD02}"
EndProject
Project("{8BC9CEB8-8B4A-11D0-8D11-00A0C91BC942}") = "Window", "Window\Window.vcxproj", "{F6077506-5FBB-4904-A1A7-A590435B61A0}"
EndProject
Global
	GlobalSection(SolutionConfigurationPlatforms) = preSolution
		Debug|x64 = Debug|x64
		Debug|x86 = Debug|x86
		Release|x64 = Release|x64
		Release|x86 = Release|x86
	EndGlobalSection
	GlobalSection(ProjectConfigurationPlatforms) = postSolution
		{98A5895B-DA4E-43AD-8AD4-BC0916460BE1}.Debug|x64.ActiveCfg = Debug|x64
		{98A5895B-DA4E-43AD-8AD4-BC0916460BE1}.Debug|x64.Build.0 = Debug|x64
		{98A5895B-DA4E-43AD-8AD4-BC0916460BE1}.Debug|x86.ActiveCfg = Debug|Win32
		{98A5895B-DA4E-43AD-8AD4-BC0916460BE1}.Debug|x86.Build.0 = Debug|Win32
		{98A5895B-DA4E-43AD-8AD4-BC0916460BE1}.Release|x64.ActiveCfg = Release|x64
		{98A5895B-DA4E-43AD-8AD4-BC0916460BE1}.Release|x64.Build.0 = Release|x64
		{98A5895B-DA4E-43AD-8AD4-BC0916460BE1}.Release|x86.ActiveCfg = Release|Win32
		{98A5895B-DA4E-43AD-8AD4-BC0916460BE1}.Release|x86.Build.0 = Release|Win32
		{9E4CC31E-D283-4D5C-9F2C-2A337C47CDA3}.Debug|x64.ActiveCfg = Debug|x64
		{9E4CC31E-D283-4D5C-9F2C-2A337C47CDA3}.Debug|x64.Build.0 = Debug|x64
		{9E4CC31E-D283-4D5C-9F2C-2A337C47CDA3}.Debug|x86.ActiveCfg = Debug|Win32
		{9E4CC31E-D283-4D5C-9F2C-2A337C47CDA3}.Debug|x86.Build.0 = Debug|Win32
		{9E4CC31E-D283-4D5C-9F2C-2A337C47CDA3}.Release|x64.ActiveCfg = Release|x64
		{9E4CC31E-D283-4D5C-9F2C-2A337C47CDA3}.Release|x64.Build.0 = Release|x64
		{9E4CC31E-D283-4D5C-9F2C-2A337C47CDA3}.Release|x86.ActiveCfg = Release|Win32
		{9E4CC31E-D283-4D5C-9F2C-2A337C47CDA3}.Release|x86.Build.0 = Release|Win32
		{D1C80362-A5D2-419B-9779-5B98716BC10B}.Debug|x64.ActiveCfg = Debug|x64
		{D1C80362-A5D2-419B-9779-5B98716BC10B}.Debug|x64.Build.0 = Debug|x64
		{D1C80362-A5D2-419B-9779-5B98716BC10B}.Debug|x86.ActiveCfg = Debug|Win32
		{D1C80362-A5D2-419B-9779-5B98716BC10B}.Debug|x86.Build.0 = Debug|Win32
		{D1C80362-A5D2-419B-9779-5B98716BC10B}.Release|x64.ActiveCfg = Release|x64
		{D1C80362-A5D2-419B-9779-5B98716BC10B}.Release|x64.Build.0 = Release|x64
		{D1C80362-A5D2-419B-9779-5B98716BC10B}.Release|x86.ActiveCfg = Release|Win32
		{D1C80362-A5D2-419B-9779-5B98716BC10B}.Release|x86.Build.0 = Release|Win32
		{75AFB93F-73C6-4E26-A127-2A3536DFE3BE}.Debug|x64.ActiveCfg = Debug|x64
		{75AFB93F-73C6-4E26-A127-2A3536DFE3BE}.Debug|x64.Build.0 = Debug|x64
		{75AFB93F-73C6-4E26-A127-2A3536DFE3BE}.Debug|x86.ActiveCfg = Debug|Win32
		{75AFB93F-73C6-4E26-A127-2A3536DFE3BE}.Debug|x86.Build.0 = Debug|Win32
		{75AFB93F-73C6-4E26-A127-2A3536DFE3BE}.Release|x64.ActiveCfg = Release|x64
		{75AFB93F-73C6-4E26-A127-2A3536DFE3BE}.Release|x64.Build.0 = Release|x64
		{75AFB93F-73C6-4E26-A127-2A3536DFE3BE}.Release|x86.ActiveCfg = Release|Win32
		{75AFB93F-73C6-4E26-A127-2A3536DFE3BE}.Release|x86.Build.0 = Release|Win32
		{8B8CF55D-04F3-4DEC-BC78-D0134DB8CD02}.Debug|x64.ActiveCfg = Debug|x64
		{8B8CF55D-04F3-4DEC-BC78-D0134DB8CD02}.Debug|x64.Build.0 = Debug|x64
		{8B8CF55D-04F3-4DEC-BC78-D0134DB8CD02}.Debug|x86.ActiveCfg = Debug|Win32
		{8B8CF55D-04F3-4DEC-BC78-D0134DB8CD02}.Debug|x86.Build.0 = Debug|Win32
		{8B8CF55D-04F3-4DEC-BC78-D0134DB8CD02}.Release|x64.ActiveCfg = Release|x64
		{8B8CF55D-04F3-4DEC-BC78-D0134DB8CD02}.Release|x64.Build.0 = Release|x64
		{8B8CF55D-04F3-4DEC-BC78-D0134DB8CD02}.Release|x86.ActiveCfg = Release|Win32
		{8B8CF55D-04F3-4DEC-BC78-D0134DB8CD02}.Release|x86.Build.0 = Release|Win32
		{F6077506-5FBB-4904-A1A7-A590435B61A0}.Debug|x64.ActiveCfg = Debug|x64
		{F6077506-5FBB-4904-A1A7-A590435B61A0}.Debug|x64.Build.0 = Debug|x64
		{F6077506-5FBB-4904-A1A7-A590435B61A0}.Debug|x86.ActiveCfg = Debug|Win32
		{F6077506-5FBB-4904-A1A7-A590435B61A0}.Debug|x86.Build.0 = Debug|Win32
		{F6077506-5FBB-4904-A1A7-A590435B61A0}.Release|x64.ActiveCfg = Release|x64
		{F6077506-5FBB-4904-A1A7-A590435B61A0}.Release|x64.Build.0 = Release|x64
		{F6077506-5FBB-4904-A1A7-A590435B61A0}.Release|x86.ActiveCfg = Release|Win32
		{F6077506-5FBB-4904-A1A7-A590435B61A0}.Release|x86.Build.0 = Release|Win32
	EndGlobalSection
	GlobalSection(SolutionProperties) = preSolution
		HideSolutionNode = FALSE
	EndGlobalSection
	GlobalSection(ExtensibilityGlobals) = postSolution
		SolutionGuid = {BA9BAA6B-CF23-49E9-B6C7-36068D32BCA1}
	EndGlobalSection
EndGlobal
