<?xml version="1.0" encoding="utf-8"?>
<Project ToolsVersion="4.0" xmlns="http://schemas.microsoft.com/developer/msbuild/2003">
  <ItemGroup>
    <Filter Include="Source Files">
      <UniqueIdentifier>{4FC737F1-C7A5-4376-A066-2A32D752A2FF}</UniqueIdentifier>
      <Extensions>cpp;c;cc;cxx;def;odl;idl;hpj;bat;asm;asmx</Extensions>
    </Filter>
    <Filter Include="Header Files">
      <UniqueIdentifier>{93995380-89BD-4b04-88EB-625FBE52EBFB}</UniqueIdentifier>
      <Extensions>h;hh;hpp;hxx;hm;inl;inc;xsd</Extensions>
    </Filter>
    <Filter Include="Resource Files">
      <UniqueIdentifier>{67DA6AB6-F800-4c08-8B7A-83BB121AAD01}</UniqueIdentifier>
      <Extensions>rc;ico;cur;bmp;dlg;rc2;rct;bin;rgs;gif;jpg;jpeg;jpe;resx;tiff;tif;png;wav;mfcribbon-ms</Extensions>
    </Filter>
    <Filter Include="Header Files\Rooms">
      <UniqueIdentifier>{11adbc1f-ca43-4423-880a-0adc1c68d583}</UniqueIdentifier>
    </Filter>
    <Filter Include="Source Files\Rooms">
      <UniqueIdentifier>{9463c6f6-c72b-4e5d-9f2a-a8fab62007c4}</UniqueIdentifier>
    </Filter>
    <Filter Include="Header Files\GameUnits">
      <UniqueIdentifier>{112f889f-0169-44fb-ba99-17e2c0f4a562}</UniqueIdentifier>
    </Filter>
    <Filter Include="Source Files\GameUnits">
      <UniqueIdentifier>{6d0cb078-a175-4662-8d05-feb82974d0a8}</UniqueIdentifier>
    </Filter>
    <Filter Include="Header Files\Flowfield">
      <UniqueIdentifier>{7f6677ad-200d-46ad-9889-76ab7e012dc4}</UniqueIdentifier>
    </Filter>
    <Filter Include="Source Files\Flowfield">
      <UniqueIdentifier>{a21a1b1f-eb9c-4706-8ee7-b1bb09fa6bc6}</UniqueIdentifier>
    </Filter>
    <Filter Include="Source Files\IGameState">
      <UniqueIdentifier>{7a2f735a-34e8-4169-9f0b-e9394125a1d7}</UniqueIdentifier>
    </Filter>
    <Filter Include="Header Files\IGameState">
      <UniqueIdentifier>{e8534a88-2b56-4d41-9195-b89980bc36e7}</UniqueIdentifier>
    </Filter>
    <Filter Include="Source Files\IGameState\MainMenuState">
      <UniqueIdentifier>{67833fcf-b42a-4d6d-8998-a800673d59c1}</UniqueIdentifier>
    </Filter>
    <Filter Include="Header Files\IGameState\MainMenuState">
      <UniqueIdentifier>{245505c7-948c-4731-bba5-8b5642e50562}</UniqueIdentifier>
    </Filter>
    <Filter Include="Header Files\IGameState\CharacterCreationState">
      <UniqueIdentifier>{b4538386-366e-4e10-b9a1-d136b1e3d3c4}</UniqueIdentifier>
    </Filter>
    <Filter Include="Source Files\IGameState\CharacterCreationState">
      <UniqueIdentifier>{132dfeb3-ef6c-445d-b122-124cd007f9dc}</UniqueIdentifier>
    </Filter>
    <Filter Include="Source Files\IGameState\PlayState">
      <UniqueIdentifier>{3a00d426-1173-4ece-bdad-d94916083099}</UniqueIdentifier>
    </Filter>
    <Filter Include="Header Files\IGameState\PlayState">
      <UniqueIdentifier>{87a9284c-68c7-4291-9dd5-1c71cc290f3a}</UniqueIdentifier>
    </Filter>
    <Filter Include="Source Files\IGameState\PausState">
      <UniqueIdentifier>{89d9001b-fe0f-4a31-9884-071b8ca408fc}</UniqueIdentifier>
    </Filter>
    <Filter Include="Header Files\IGameState\GameOverState">
      <UniqueIdentifier>{d4bbf0a5-f9bb-4c18-8196-7be17fa4eb09}</UniqueIdentifier>
    </Filter>
    <Filter Include="Source Files\IGameState\GameOverState">
      <UniqueIdentifier>{3690d693-1bb5-4589-839e-d7a5681a9d8b}</UniqueIdentifier>
    </Filter>
    <Filter Include="Header Files\Game">
      <UniqueIdentifier>{264fab68-8213-4add-a8c7-5f7055dd148c}</UniqueIdentifier>
    </Filter>
    <Filter Include="Source Files\Game">
      <UniqueIdentifier>{06a9c891-0b67-4e25-b6c8-defa974d05d0}</UniqueIdentifier>
    </Filter>
    <Filter Include="Header Files\IGameState\PauseState">
      <UniqueIdentifier>{34916210-2c8d-4a86-b68a-c471d87e0da4}</UniqueIdentifier>
    </Filter>
    <Filter Include="Header Files\Projectiles">
      <UniqueIdentifier>{20d45af1-624a-4bbe-8bb0-30df9d94d30f}</UniqueIdentifier>
    </Filter>
    <Filter Include="Source Files\Projectiles">
      <UniqueIdentifier>{a3501314-46aa-4280-a9f9-774854fd0a8f}</UniqueIdentifier>
    </Filter>
  </ItemGroup>
  <ItemGroup>
    <ClCompile Include="main.cpp">
      <Filter>Source Files</Filter>
    </ClCompile>
    <ClCompile Include="Room.cpp">
      <Filter>Source Files\Rooms</Filter>
    </ClCompile>
    <ClCompile Include="GameUnit.cpp">
      <Filter>Source Files\GameUnits</Filter>
    </ClCompile>
    <ClCompile Include="EnemyUnit.cpp">
      <Filter>Source Files\GameUnits</Filter>
    </ClCompile>
    <ClCompile Include="Flowfield.cpp">
      <Filter>Source Files\Flowfield</Filter>
    </ClCompile>
    <ClCompile Include="IGameState.cpp">
      <Filter>Source Files\IGameState</Filter>
    </ClCompile>
    <ClCompile Include="MainMenuState.cpp">
      <Filter>Source Files\IGameState\MainMenuState</Filter>
    </ClCompile>
    <ClCompile Include="CharacterCreationState.cpp">
      <Filter>Source Files\IGameState\CharacterCreationState</Filter>
    </ClCompile>
    <ClCompile Include="PlayState.cpp">
      <Filter>Source Files\IGameState\PlayState</Filter>
    </ClCompile>
    <ClCompile Include="PausState.cpp">
      <Filter>Source Files\IGameState\PausState</Filter>
    </ClCompile>
    <ClCompile Include="GameOverState.cpp">
      <Filter>Source Files\IGameState\GameOverState</Filter>
    </ClCompile>
    <ClCompile Include="Game.cpp">
      <Filter>Source Files\Game</Filter>
    </ClCompile>
    <ClCompile Include="PlayerUnit.cpp">
      <Filter>Source Files\GameUnits</Filter>
    </ClCompile>
    <ClCompile Include="Projectile.cpp">
      <Filter>Source Files\Projectiles</Filter>
    </ClCompile>
    <ClCompile Include="ProjectileManger.cpp">
      <Filter>Source Files\Projectiles</Filter>
    </ClCompile>
    <ClCompile Include="ProjectileFactory.cpp">
      <Filter>Source Files\Projectiles</Filter>
    </ClCompile>
  </ItemGroup>
  <ItemGroup>
    <ClInclude Include="..\includes\Gameplay\EventStructs.h">
      <Filter>Header Files</Filter>
    </ClInclude>
    <ClInclude Include="..\includes\Gameplay\Room.h">
      <Filter>Header Files\Rooms</Filter>
    </ClInclude>
    <ClInclude Include="..\includes\Gameplay\EnemyUnit.h">
      <Filter>Header Files\GameUnits</Filter>
    </ClInclude>
    <ClInclude Include="..\includes\Gameplay\GameUnit.h">
      <Filter>Header Files\GameUnits</Filter>
    </ClInclude>
    <ClInclude Include="..\includes\Gameplay\Flowfield.h">
      <Filter>Header Files\Flowfield</Filter>
    </ClInclude>
    <ClInclude Include="Game.h">
      <Filter>Header Files\Game</Filter>
    </ClInclude>
    <ClInclude Include="..\includes\Gameplay\MainMenuState.h">
      <Filter>Header Files\IGameState\MainMenuState</Filter>
    </ClInclude>
    <ClInclude Include="..\includes\Gameplay\CharacterCreationState.h">
      <Filter>Header Files\IGameState\CharacterCreationState</Filter>
    </ClInclude>
    <ClInclude Include="..\includes\Gameplay\GameOverState.h">
      <Filter>Header Files\IGameState\GameOverState</Filter>
    </ClInclude>
    <ClInclude Include="..\includes\Gameplay\PlayState.h">
      <Filter>Header Files\IGameState\PlayState</Filter>
    </ClInclude>
    <ClInclude Include="..\includes\Gameplay\IGameState.h">
      <Filter>Header Files\IGameState</Filter>
    </ClInclude>
    <ClInclude Include="..\includes\Gameplay\PauseState.h">
      <Filter>Header Files\IGameState\PauseState</Filter>
    </ClInclude>
    <ClInclude Include="..\includes\Gameplay\PlayerUnit.h">
      <Filter>Header Files\GameUnits</Filter>
    </ClInclude>
    <ClInclude Include="..\includes\Gameplay\ProjectileData.h">
      <Filter>Header Files\Projectiles</Filter>
    </ClInclude>
    <ClInclude Include="..\includes\Gameplay\Projectile.h">
      <Filter>Header Files\Projectiles</Filter>
    </ClInclude>
    <ClInclude Include="..\includes\Gameplay\ProjectileManager.h">
      <Filter>Header Files\Projectiles</Filter>
    </ClInclude>
    <ClInclude Include="..\includes\Gameplay\ProjectileFactory.h">
      <Filter>Header Files\Projectiles</Filter>
    </ClInclude>
  </ItemGroup>
</Project>