<?xml version="1.0" encoding="utf-8"?>
<Project ToolsVersion="4.0" xmlns="http://schemas.microsoft.com/developer/msbuild/2003">
  <ItemGroup>
    <Filter Include="Source Files">
      <UniqueIdentifier>{4FC737F1-C7A5-4376-A066-2A32D752A2FF}</UniqueIdentifier>
      <Extensions>cpp;c;cc;cxx;def;odl;idl;hpj;bat;asm;asmx</Extensions>
    </Filter>
    <Filter Include="Header Files">
      <UniqueIdentifier>{93995380-89BD-4b04-88EB-625FBE52EBFB}</UniqueIdentifier>
      <Extensions>h;hh;hpp;hxx;hm;inl;inc;xsd</Extensions>
    </Filter>
    <Filter Include="Resource Files">
      <UniqueIdentifier>{67DA6AB6-F800-4c08-8B7A-83BB121AAD01}</UniqueIdentifier>
      <Extensions>rc;ico;cur;bmp;dlg;rc2;rct;bin;rgs;gif;jpg;jpeg;jpe;resx;tiff;tif;png;wav;mfcribbon-ms</Extensions>
    </Filter>
    <Filter Include="Source Files\Gameplay Tests">
      <UniqueIdentifier>{51c70d89-9e44-45d3-ab9f-9a4b59ab8fda}</UniqueIdentifier>
    </Filter>
    <Filter Include="Header Files\GameplayTests">
      <UniqueIdentifier>{880c0fd5-2281-45c9-9378-38aa4e705cef}</UniqueIdentifier>
    </Filter>
  </ItemGroup>
  <ItemGroup>
    <ClCompile Include="Test.cpp">
      <Filter>Source Files</Filter>
    </ClCompile>
    <ClCompile Include="EntityManagerTest.cpp">
      <Filter>Source Files</Filter>
    </ClCompile>
    <ClCompile Include="WindowTest.cpp">
      <Filter>Source Files</Filter>
    </ClCompile>
    <ClCompile Include="InitGraphicsTest.cpp">
      <Filter>Source Files</Filter>
    </ClCompile>
    <ClCompile Include="ObjLoaderTest.cpp">
      <Filter>Source Files</Filter>
    </ClCompile>
    <ClCompile Include="BufferTest.cpp">
      <Filter>Source Files</Filter>
    </ClCompile>
    <ClCompile Include="TransformManagerTest.cpp">
      <Filter>Source Files</Filter>
    </ClCompile>
    <ClCompile Include="RenderableManagerTest.cpp">
      <Filter>Source Files</Filter>
    </ClCompile>
    <ClCompile Include="MaterialManagerTest.cpp">
      <Filter>Source Files</Filter>
    </ClCompile>
    <ClCompile Include="ImageLoadTest.cpp">
      <Filter>Source Files</Filter>
    </ClCompile>
    <ClCompile Include="AudioTest.cpp">
      <Filter>Source Files</Filter>
    </ClCompile>
    <ClCompile Include="INITest.cpp">
      <Filter>Source Files</Filter>
    </ClCompile>
    <ClCompile Include="BoundingTest.cpp">
      <Filter>Source Files</Filter>
    </ClCompile>
    <ClCompile Include="FlowFieldTest.cpp">
      <Filter>Source Files\Gameplay Tests</Filter>
    </ClCompile>
    <ClCompile Include="EnemyMovementTest.cpp">
      <Filter>Source Files\Gameplay Tests</Filter>
    </ClCompile>
    <ClCompile Include="RoomCreationTest.cpp">
      <Filter>Source Files\Gameplay Tests</Filter>
    </ClCompile>
    <ClCompile Include="AllocatorTest.cpp">
      <Filter>Source Files</Filter>
    </ClCompile>
    <ClCompile Include="DebugRenderTest.cpp">
      <Filter>Source Files</Filter>
    </ClCompile>
    <ClCompile Include="PlayerMovementTest.cpp">
      <Filter>Source Files\Gameplay Tests</Filter>
    </ClCompile>
    <ClCompile Include="GameStateTest.cpp">
      <Filter>Source Files\Gameplay Tests</Filter>
    </ClCompile>
    <ClCompile Include="ResourceHandlerTest.cpp">
      <Filter>Source Files</Filter>
    </ClCompile>
    <ClCompile Include="ResourceHandlerTest.cpp">
      <Filter>Source Files</Filter>
    </ClCompile>
  </ItemGroup>
  <ItemGroup>
    <ClInclude Include="EntityManagerTest.h">
      <Filter>Header Files</Filter>
    </ClInclude>
    <ClInclude Include="Test.h">
      <Filter>Header Files</Filter>
    </ClInclude>
    <ClInclude Include="WindowTest.h">
      <Filter>Header Files</Filter>
    </ClInclude>
    <ClInclude Include="InitGraphicsTest.h">
      <Filter>Header Files</Filter>
    </ClInclude>
    <ClInclude Include="ObjLoaderTest.h">
      <Filter>Header Files</Filter>
    </ClInclude>
    <ClInclude Include="BufferTest.h">
      <Filter>Header Files</Filter>
    </ClInclude>
    <ClInclude Include="TransformManagerTest.h">
      <Filter>Header Files</Filter>
    </ClInclude>
    <ClInclude Include="ObjLoaderTest.h">
      <Filter>Header Files</Filter>
    </ClInclude>
    <ClInclude Include="RenderableManagerTest.h">
      <Filter>Header Files</Filter>
    </ClInclude>
    <ClInclude Include="FlowFieldTest.h">
      <Filter>Header Files\GameplayTests</Filter>
    </ClInclude>
    <ClInclude Include="MaterialManagerTest.h">
      <Filter>Header Files</Filter>
    </ClInclude>
    <ClInclude Include="EnemyMovementTest.h">
      <Filter>Header Files\GameplayTests</Filter>
    </ClInclude>
    <ClInclude Include="ImageLoadTest.h">
      <Filter>Header Files</Filter>
    </ClInclude>
    <ClInclude Include="AudioTest.h">
      <Filter>Header Files</Filter>
    </ClInclude>
    <ClInclude Include="RoomCreationTest.h">
      <Filter>Header Files\GameplayTests</Filter>
    </ClInclude>
    <ClInclude Include="INITest.h">
      <Filter>Header Files</Filter>
    </ClInclude>
    <ClInclude Include="BoundingTest.h">
      <Filter>Header Files</Filter>
    </ClInclude>
    <ClInclude Include="AllocatorTest.h">
      <Filter>Header Files</Filter>
    </ClInclude>
    <ClInclude Include="PlayerMovementTest.h">
      <Filter>Header Files\GameplayTests</Filter>
    </ClInclude>
    <ClInclude Include="DebugRenderTest.h">
      <Filter>Header Files</Filter>
    </ClInclude>
    <ClInclude Include="GameStateTest.h">
      <Filter>Header Files\GameplayTests</Filter>
    </ClInclude>
    <ClInclude Include="ResourceHandlerTest.h">
      <Filter>Header Files</Filter>
    </ClInclude>
    <ClInclude Include="ResourceHandlerTest.h">
      <Filter>Header Files</Filter>
    </ClInclude>
  </ItemGroup>
</Project>