<?xml version="1.0" encoding="utf-8"?>
<Project ToolsVersion="4.0" xmlns="http://schemas.microsoft.com/developer/msbuild/2003">
  <ItemGroup>
    <Filter Include="Source Files">
      <UniqueIdentifier>{4FC737F1-C7A5-4376-A066-2A32D752A2FF}</UniqueIdentifier>
      <Extensions>cpp;c;cc;cxx;def;odl;idl;hpj;bat;asm;asmx</Extensions>
    </Filter>
    <Filter Include="Header Files">
      <UniqueIdentifier>{93995380-89BD-4b04-88EB-625FBE52EBFB}</UniqueIdentifier>
      <Extensions>h;hh;hpp;hxx;hm;inl;inc;xsd</Extensions>
    </Filter>
    <Filter Include="Resource Files">
      <UniqueIdentifier>{67DA6AB6-F800-4c08-8B7A-83BB121AAD01}</UniqueIdentifier>
      <Extensions>rc;ico;cur;bmp;dlg;rc2;rct;bin;rgs;gif;jpg;jpeg;jpe;resx;tiff;tif;png;wav;mfcribbon-ms</Extensions>
    </Filter>
    <Filter Include="Interface">
      <UniqueIdentifier>{f10cf54e-7774-40a6-a516-8efa85f8213f}</UniqueIdentifier>
    </Filter>
    <Filter Include="Interface\cpp">
      <UniqueIdentifier>{7fa13e7d-5242-4a0d-bcf5-2bfeee9bd63d}</UniqueIdentifier>
    </Filter>
  </ItemGroup>
  <ItemGroup>
    <ClCompile Include="EntityManager.cpp">
      <Filter>Source Files</Filter>
    </ClCompile>
    <ClCompile Include="Engine.cpp">
      <Filter>Source Files</Filter>
    </ClCompile>
    <ClCompile Include="RenderableManager.cpp">
      <Filter>Source Files</Filter>
    </ClCompile>
    <ClCompile Include="TransformManager.cpp">
      <Filter>Source Files</Filter>
    </ClCompile>
    <ClCompile Include="Entity.cpp">
      <Filter>Source Files</Filter>
    </ClCompile>
    <ClCompile Include="MaterialManager.cpp">
      <Filter>Source Files</Filter>
    </ClCompile>
    <ClCompile Include="OptionHandler.cpp">
      <Filter>Source Files</Filter>
    </ClCompile>
    <ClCompile Include="DebugRenderManager.cpp">
      <Filter>Source Files</Filter>
    </ClCompile>
    <ClCompile Include="CameraManager.cpp">
      <Filter>Source Files</Filter>
    </ClCompile>
    <ClCompile Include="GUIManager.cpp">
      <Filter>Source Files</Filter>
    </ClCompile>
    <ClCompile Include="AnimationManager.cpp">
      <Filter>Source Files</Filter>
    </ClCompile>
    <ClCompile Include="AudioManager.cpp">
      <Filter>Source Files</Filter>
    </ClCompile>
    <ClCompile Include="LightManager.cpp">
      <Filter>Source Files</Filter>
    </ClCompile>
    <ClCompile Include="ParticleSystemManager.cpp">
      <Filter>Source Files</Filter>
    </ClCompile>
    <ClCompile Include="IEngine.cpp">
      <Filter>Interface\cpp</Filter>
    </ClCompile>
    <ClCompile Include="IRenderableManager.cpp">
      <Filter>Interface\cpp</Filter>
    </ClCompile>
    <ClCompile Include="IEntityManager.cpp">
      <Filter>Interface\cpp</Filter>
    </ClCompile>
    <ClCompile Include="IOptionsHandler.cpp">
      <Filter>Interface\cpp</Filter>
    </ClCompile>
    <ClCompile Include="ITransformManager.cpp">
      <Filter>Interface\cpp</Filter>
    </ClCompile>
    <ClCompile Include="IAudioManager.cpp">
      <Filter>Interface\cpp</Filter>
    </ClCompile>
    <ClCompile Include="ICollisionManager.cpp">
      <Filter>Interface\cpp</Filter>
    </ClCompile>
    <ClCompile Include="CollisionManager.cpp">
      <Filter>Source Files</Filter>
    </ClCompile>
    <ClCompile Include="ICameraManager.cpp">
      <Filter>Interface\cpp</Filter>
    </ClCompile>
    <ClCompile Include="IParticleSystemManager.cpp">
      <Filter>Interface\cpp</Filter>
    </ClCompile>
    <ClCompile Include="IAnimationManager.cpp">
      <Filter>Interface\cpp</Filter>
    </ClCompile>
    <ClCompile Include="IMaterialManager.cpp">
      <Filter>Interface\cpp</Filter>
    </ClCompile>
    <ClCompile Include="ILightManager.cpp">
      <Filter>Interface\cpp</Filter>
    </ClCompile>
    <ClCompile Include="IDebugRenderManager.cpp">
      <Filter>Interface\cpp</Filter>
    </ClCompile>
    <ClCompile Include="IGUIManager.cpp">
      <Filter>Interface\cpp</Filter>
    </ClCompile>
    <ClCompile Include="ImGuiConsole.cpp">
      <Filter>Source Files</Filter>
    </ClCompile>
    <ClCompile Include="MaterialLoading.cpp">
      <Filter>Source Files</Filter>
    </ClCompile>
    <ClCompile Include="TextManager.cpp">
      <Filter>Source Files</Filter>
    </ClCompile>
    <ClCompile Include="ITextManager.cpp">
      <Filter>Interface\cpp</Filter>
    </ClCompile>
    <ClCompile Include="RenderableManagerInstancing.cpp">
      <Filter>Source Files</Filter>
    </ClCompile>
    <ClCompile Include="IDecalManager.cpp">
      <Filter>Interface\cpp</Filter>
    </ClCompile>
    <ClCompile Include="DecalManager.cpp">
      <Filter>Source Files</Filter>
    </ClCompile>
  </ItemGroup>
  <ItemGroup>
    <ClInclude Include="AnimationManager.h">
      <Filter>Header Files</Filter>
    </ClInclude>
    <ClInclude Include="AudioManager.h">
      <Filter>Header Files</Filter>
    </ClInclude>
    <ClInclude Include="CameraManager.h">
      <Filter>Header Files</Filter>
    </ClInclude>
    <ClInclude Include="DebugRenderManager.h">
      <Filter>Header Files</Filter>
    </ClInclude>
    <ClInclude Include="Engine.h">
      <Filter>Header Files</Filter>
    </ClInclude>
    <ClInclude Include="EntityManager.h">
      <Filter>Header Files</Filter>
    </ClInclude>
    <ClInclude Include="GUIManager.h">
      <Filter>Header Files</Filter>
    </ClInclude>
    <ClInclude Include="LightManager.h">
      <Filter>Header Files</Filter>
    </ClInclude>
    <ClInclude Include="MaterialManager.h">
      <Filter>Header Files</Filter>
    </ClInclude>
    <ClInclude Include="OptionHandler.h">
      <Filter>Header Files</Filter>
    </ClInclude>
    <ClInclude Include="ParticleSystemManager.h">
      <Filter>Header Files</Filter>
    </ClInclude>
    <ClInclude Include="RenderableManager.h">
      <Filter>Header Files</Filter>
    </ClInclude>
    <ClInclude Include="TransformManager.h">
      <Filter>Header Files</Filter>
    </ClInclude>
    <ClInclude Include="..\includes\Core\IEngine.h">
      <Filter>Interface</Filter>
    </ClInclude>
    <ClInclude Include="..\includes\Core\IRenderableManager.h">
      <Filter>Interface</Filter>
    </ClInclude>
    <ClInclude Include="..\includes\Core\IEntityManager.h">
      <Filter>Interface</Filter>
    </ClInclude>
    <ClInclude Include="..\includes\Core\IManager.h">
      <Filter>Interface</Filter>
    </ClInclude>
    <ClInclude Include="..\includes\Core\ITransformManager.h">
      <Filter>Interface</Filter>
    </ClInclude>
    <ClInclude Include="..\includes\Core\IOptionsHandler.h">
      <Filter>Interface</Filter>
    </ClInclude>
    <ClInclude Include="..\includes\Core\IAudioManager.h">
      <Filter>Interface</Filter>
    </ClInclude>
    <ClInclude Include="..\includes\Core\ICollisionManager.h">
      <Filter>Interface</Filter>
    </ClInclude>
    <ClInclude Include="CollisionManager.h">
      <Filter>Header Files</Filter>
    </ClInclude>
    <ClInclude Include="..\includes\Core\ICameraManager.h">
      <Filter>Interface</Filter>
    </ClInclude>
    <ClInclude Include="..\includes\Core\IParticleSystemManager.h">
      <Filter>Interface</Filter>
    </ClInclude>
    <ClInclude Include="..\includes\Core\IAnimationManager.h">
      <Filter>Interface</Filter>
    </ClInclude>
    <ClInclude Include="..\includes\Core\IMaterialManager.h">
      <Filter>Interface</Filter>
    </ClInclude>
    <ClInclude Include="..\includes\Core\ILightManager.h">
      <Filter>Interface</Filter>
    </ClInclude>
    <ClInclude Include="..\includes\Core\IDebugRenderManager.h">
      <Filter>Interface</Filter>
    </ClInclude>
    <ClInclude Include="..\includes\Core\IGUIManager.h">
      <Filter>Interface</Filter>
    </ClInclude>
    <ClInclude Include="..\includes\Core\Entity.h">
      <Filter>Header Files</Filter>
    </ClInclude>
    <ClInclude Include="ImGuiConsole.h">
      <Filter>Header Files</Filter>
    </ClInclude>
    <ClInclude Include="MaterialLoading.h">
      <Filter>Header Files</Filter>
    </ClInclude>
    <ClInclude Include="..\includes\Core\ITextManager.h">
      <Filter>Interface</Filter>
    </ClInclude>
    <ClInclude Include="TextManager.h">
      <Filter>Header Files</Filter>
    </ClInclude>
    <ClInclude Include="..\includes\Core\IDecalManager.h">
      <Filter>Interface</Filter>
    </ClInclude>
    <ClInclude Include="DecalManager.h">
      <Filter>Header Files</Filter>
    </ClInclude>
    <ClInclude Include="RenderableManagerInstancing.h">
      <Filter>Header Files</Filter>
    </ClInclude>
  </ItemGroup>
</Project>